// !$*UTF8*$!
{
	archiveVersion = 1;
	classes = {
	};
	objectVersion = 56;
	objects = {

/* Begin PBXBuildFile section */
		8A06EA092980E4EF00C6A570 /* DetailViewController.swift in Sources */ = {isa = PBXBuildFile; fileRef = 8A06EA082980E4EF00C6A570 /* DetailViewController.swift */; };
		8A06EA0B2980E78D00C6A570 /* ContextItem.swift in Sources */ = {isa = PBXBuildFile; fileRef = 8A06EA0A2980E78D00C6A570 /* ContextItem.swift */; };
		8ADB83182980D0B40095C267 /* AppDelegate.swift in Sources */ = {isa = PBXBuildFile; fileRef = 8ADB83172980D0B40095C267 /* AppDelegate.swift */; };
		8ADB831A2980D0B40095C267 /* SceneDelegate.swift in Sources */ = {isa = PBXBuildFile; fileRef = 8ADB83192980D0B40095C267 /* SceneDelegate.swift */; };
		8ADB831C2980D0B40095C267 /* ViewController.swift in Sources */ = {isa = PBXBuildFile; fileRef = 8ADB831B2980D0B40095C267 /* ViewController.swift */; };
		8ADB831F2980D0B40095C267 /* Main.storyboard in Resources */ = {isa = PBXBuildFile; fileRef = 8ADB831D2980D0B40095C267 /* Main.storyboard */; };
		8ADB83212980D0B50095C267 /* Assets.xcassets in Resources */ = {isa = PBXBuildFile; fileRef = 8ADB83202980D0B50095C267 /* Assets.xcassets */; };
		8ADB83242980D0B50095C267 /* LaunchScreen.storyboard in Resources */ = {isa = PBXBuildFile; fileRef = 8ADB83222980D0B50095C267 /* LaunchScreen.storyboard */; };
		8ADB832F2980D0B50095C267 /* MyStoryTests.swift in Sources */ = {isa = PBXBuildFile; fileRef = 8ADB832E2980D0B50095C267 /* MyStoryTests.swift */; };
		8ADB83392980D0B50095C267 /* MyStoryUITests.swift in Sources */ = {isa = PBXBuildFile; fileRef = 8ADB83382980D0B50095C267 /* MyStoryUITests.swift */; };
		8ADB833B2980D0B50095C267 /* MyStoryUITestsLaunchTests.swift in Sources */ = {isa = PBXBuildFile; fileRef = 8ADB833A2980D0B50095C267 /* MyStoryUITestsLaunchTests.swift */; };
/* End PBXBuildFile section */

/* Begin PBXContainerItemProxy section */
		8ADB832B2980D0B50095C267 /* PBXContainerItemProxy */ = {
			isa = PBXContainerItemProxy;
			containerPortal = 8ADB830C2980D0B40095C267 /* Project object */;
			proxyType = 1;
			remoteGlobalIDString = 8ADB83132980D0B40095C267;
			remoteInfo = MyStory;
		};
		8ADB83352980D0B50095C267 /* PBXContainerItemProxy */ = {
			isa = PBXContainerItemProxy;
			containerPortal = 8ADB830C2980D0B40095C267 /* Project object */;
			proxyType = 1;
			remoteGlobalIDString = 8ADB83132980D0B40095C267;
			remoteInfo = MyStory;
		};
/* End PBXContainerItemProxy section */

/* Begin PBXFileReference section */
		8A06EA082980E4EF00C6A570 /* DetailViewController.swift */ = {isa = PBXFileReference; lastKnownFileType = sourcecode.swift; path = DetailViewController.swift; sourceTree = "<group>"; };
		8A06EA0A2980E78D00C6A570 /* ContextItem.swift */ = {isa = PBXFileReference; lastKnownFileType = sourcecode.swift; path = ContextItem.swift; sourceTree = "<group>"; };
		8ADB83142980D0B40095C267 /* MyStory.app */ = {isa = PBXFileReference; explicitFileType = wrapper.application; includeInIndex = 0; path = MyStory.app; sourceTree = BUILT_PRODUCTS_DIR; };
		8ADB83172980D0B40095C267 /* AppDelegate.swift */ = {isa = PBXFileReference; lastKnownFileType = sourcecode.swift; path = AppDelegate.swift; sourceTree = "<group>"; };
		8ADB83192980D0B40095C267 /* SceneDelegate.swift */ = {isa = PBXFileReference; lastKnownFileType = sourcecode.swift; path = SceneDelegate.swift; sourceTree = "<group>"; };
		8ADB831B2980D0B40095C267 /* ViewController.swift */ = {isa = PBXFileReference; lastKnownFileType = sourcecode.swift; path = ViewController.swift; sourceTree = "<group>"; };
		8ADB831E2980D0B40095C267 /* Base */ = {isa = PBXFileReference; lastKnownFileType = file.storyboard; name = Base; path = Base.lproj/Main.storyboard; sourceTree = "<group>"; };
		8ADB83202980D0B50095C267 /* Assets.xcassets */ = {isa = PBXFileReference; lastKnownFileType = folder.assetcatalog; path = Assets.xcassets; sourceTree = "<group>"; };
		8ADB83232980D0B50095C267 /* Base */ = {isa = PBXFileReference; lastKnownFileType = file.storyboard; name = Base; path = Base.lproj/LaunchScreen.storyboard; sourceTree = "<group>"; };
		8ADB83252980D0B50095C267 /* Info.plist */ = {isa = PBXFileReference; lastKnownFileType = text.plist.xml; path = Info.plist; sourceTree = "<group>"; };
		8ADB832A2980D0B50095C267 /* MyStoryTests.xctest */ = {isa = PBXFileReference; explicitFileType = wrapper.cfbundle; includeInIndex = 0; path = MyStoryTests.xctest; sourceTree = BUILT_PRODUCTS_DIR; };
		8ADB832E2980D0B50095C267 /* MyStoryTests.swift */ = {isa = PBXFileReference; lastKnownFileType = sourcecode.swift; path = MyStoryTests.swift; sourceTree = "<group>"; };
		8ADB83342980D0B50095C267 /* MyStoryUITests.xctest */ = {isa = PBXFileReference; explicitFileType = wrapper.cfbundle; includeInIndex = 0; path = MyStoryUITests.xctest; sourceTree = BUILT_PRODUCTS_DIR; };
		8ADB83382980D0B50095C267 /* MyStoryUITests.swift */ = {isa = PBXFileReference; lastKnownFileType = sourcecode.swift; path = MyStoryUITests.swift; sourceTree = "<group>"; };
		8ADB833A2980D0B50095C267 /* MyStoryUITestsLaunchTests.swift */ = {isa = PBXFileReference; lastKnownFileType = sourcecode.swift; path = MyStoryUITestsLaunchTests.swift; sourceTree = "<group>"; };
/* End PBXFileReference section */

/* Begin PBXFrameworksBuildPhase section */
		8ADB83112980D0B40095C267 /* Frameworks */ = {
			isa = PBXFrameworksBuildPhase;
			buildActionMask = 2147483647;
			files = (
			);
			runOnlyForDeploymentPostprocessing = 0;
		};
		8ADB83272980D0B50095C267 /* Frameworks */ = {
			isa = PBXFrameworksBuildPhase;
			buildActionMask = 2147483647;
			files = (
			);
			runOnlyForDeploymentPostprocessing = 0;
		};
		8ADB83312980D0B50095C267 /* Frameworks */ = {
			isa = PBXFrameworksBuildPhase;
			buildActionMask = 2147483647;
			files = (
			);
			runOnlyForDeploymentPostprocessing = 0;
		};
/* End PBXFrameworksBuildPhase section */

/* Begin PBXGroup section */
		8ADB830B2980D0B40095C267 = {
			isa = PBXGroup;
			children = (
				8ADB83162980D0B40095C267 /* MyStory */,
				8ADB832D2980D0B50095C267 /* MyStoryTests */,
				8ADB83372980D0B50095C267 /* MyStoryUITests */,
				8ADB83152980D0B40095C267 /* Products */,
			);
			sourceTree = "<group>";
		};
		8ADB83152980D0B40095C267 /* Products */ = {
			isa = PBXGroup;
			children = (
				8ADB83142980D0B40095C267 /* MyStory.app */,
				8ADB832A2980D0B50095C267 /* MyStoryTests.xctest */,
				8ADB83342980D0B50095C267 /* MyStoryUITests.xctest */,
			);
			name = Products;
			sourceTree = "<group>";
		};
		8ADB83162980D0B40095C267 /* MyStory */ = {
			isa = PBXGroup;
			children = (
				8ADB83172980D0B40095C267 /* AppDelegate.swift */,
				8ADB83192980D0B40095C267 /* SceneDelegate.swift */,
				8ADB831B2980D0B40095C267 /* ViewController.swift */,
				8ADB831D2980D0B40095C267 /* Main.storyboard */,
				8ADB83202980D0B50095C267 /* Assets.xcassets */,
				8ADB83222980D0B50095C267 /* LaunchScreen.storyboard */,
				8ADB83252980D0B50095C267 /* Info.plist */,
				8A06EA082980E4EF00C6A570 /* DetailViewController.swift */,
				8A06EA0A2980E78D00C6A570 /* ContextItem.swift */,
			);
			path = MyStory;
			sourceTree = "<group>";
		};
		8ADB832D2980D0B50095C267 /* MyStoryTests */ = {
			isa = PBXGroup;
			children = (
				8ADB832E2980D0B50095C267 /* MyStoryTests.swift */,
			);
			path = MyStoryTests;
			sourceTree = "<group>";
		};
		8ADB83372980D0B50095C267 /* MyStoryUITests */ = {
			isa = PBXGroup;
			children = (
				8ADB83382980D0B50095C267 /* MyStoryUITests.swift */,
				8ADB833A2980D0B50095C267 /* MyStoryUITestsLaunchTests.swift */,
			);
			path = MyStoryUITests;
			sourceTree = "<group>";
		};
/* End PBXGroup section */

/* Begin PBXNativeTarget section */
		8ADB83132980D0B40095C267 /* MyStory */ = {
			isa = PBXNativeTarget;
			buildConfigurationList = 8ADB833E2980D0B50095C267 /* Build configuration list for PBXNativeTarget "MyStory" */;
			buildPhases = (
				8ADB83102980D0B40095C267 /* Sources */,
				8ADB83112980D0B40095C267 /* Frameworks */,
				8ADB83122980D0B40095C267 /* Resources */,
			);
			buildRules = (
			);
			dependencies = (
			);
			name = MyStory;
			productName = MyStory;
			productReference = 8ADB83142980D0B40095C267 /* MyStory.app */;
			productType = "com.apple.product-type.application";
		};
		8ADB83292980D0B50095C267 /* MyStoryTests */ = {
			isa = PBXNativeTarget;
			buildConfigurationList = 8ADB83412980D0B50095C267 /* Build configuration list for PBXNativeTarget "MyStoryTests" */;
			buildPhases = (
				8ADB83262980D0B50095C267 /* Sources */,
				8ADB83272980D0B50095C267 /* Frameworks */,
				8ADB83282980D0B50095C267 /* Resources */,
			);
			buildRules = (
			);
			dependencies = (
				8ADB832C2980D0B50095C267 /* PBXTargetDependency */,
			);
			name = MyStoryTests;
			productName = MyStoryTests;
			productReference = 8ADB832A2980D0B50095C267 /* MyStoryTests.xctest */;
			productType = "com.apple.product-type.bundle.unit-test";
		};
		8ADB83332980D0B50095C267 /* MyStoryUITests */ = {
			isa = PBXNativeTarget;
			buildConfigurationList = 8ADB83442980D0B50095C267 /* Build configuration list for PBXNativeTarget "MyStoryUITests" */;
			buildPhases = (
				8ADB83302980D0B50095C267 /* Sources */,
				8ADB83312980D0B50095C267 /* Frameworks */,
				8ADB83322980D0B50095C267 /* Resources */,
			);
			buildRules = (
			);
			dependencies = (
				8ADB83362980D0B50095C267 /* PBXTargetDependency */,
			);
			name = MyStoryUITests;
			productName = MyStoryUITests;
			productReference = 8ADB83342980D0B50095C267 /* MyStoryUITests.xctest */;
			productType = "com.apple.product-type.bundle.ui-testing";
		};
/* End PBXNativeTarget section */

/* Begin PBXProject section */
		8ADB830C2980D0B40095C267 /* Project object */ = {
			isa = PBXProject;
			attributes = {
				BuildIndependentTargetsInParallel = 1;
				LastSwiftUpdateCheck = 1410;
				LastUpgradeCheck = 1410;
				TargetAttributes = {
					8ADB83132980D0B40095C267 = {
						CreatedOnToolsVersion = 14.1;
					};
					8ADB83292980D0B50095C267 = {
						CreatedOnToolsVersion = 14.1;
						TestTargetID = 8ADB83132980D0B40095C267;
					};
					8ADB83332980D0B50095C267 = {
						CreatedOnToolsVersion = 14.1;
						TestTargetID = 8ADB83132980D0B40095C267;
					};
				};
			};
			buildConfigurationList = 8ADB830F2980D0B40095C267 /* Build configuration list for PBXProject "MyStory" */;
			compatibilityVersion = "Xcode 14.0";
			developmentRegion = en;
			hasScannedForEncodings = 0;
			knownRegions = (
				en,
				Base,
			);
			mainGroup = 8ADB830B2980D0B40095C267;
			productRefGroup = 8ADB83152980D0B40095C267 /* Products */;
			projectDirPath = "";
			projectRoot = "";
			targets = (
				8ADB83132980D0B40095C267 /* MyStory */,
				8ADB83292980D0B50095C267 /* MyStoryTests */,
				8ADB83332980D0B50095C267 /* MyStoryUITests */,
			);
		};
/* End PBXProject section */

/* Begin PBXResourcesBuildPhase section */
		8ADB83122980D0B40095C267 /* Resources */ = {
			isa = PBXResourcesBuildPhase;
			buildActionMask = 2147483647;
			files = (
				8ADB83242980D0B50095C267 /* LaunchScreen.storyboard in Resources */,
				8ADB83212980D0B50095C267 /* Assets.xcassets in Resources */,
				8ADB831F2980D0B40095C267 /* Main.storyboard in Resources */,
			);
			runOnlyForDeploymentPostprocessing = 0;
		};
		8ADB83282980D0B50095C267 /* Resources */ = {
			isa = PBXResourcesBuildPhase;
			buildActionMask = 2147483647;
			files = (
			);
			runOnlyForDeploymentPostprocessing = 0;
		};
		8ADB83322980D0B50095C267 /* Resources */ = {
			isa = PBXResourcesBuildPhase;
			buildActionMask = 2147483647;
			files = (
			);
			runOnlyForDeploymentPostprocessing = 0;
		};
/* End PBXResourcesBuildPhase section */

/* Begin PBXSourcesBuildPhase section */
		8ADB83102980D0B40095C267 /* Sources */ = {
			isa = PBXSourcesBuildPhase;
			buildActionMask = 2147483647;
			files = (
				8ADB831C2980D0B40095C267 /* ViewController.swift in Sources */,
				8A06EA0B2980E78D00C6A570 /* ContextItem.swift in Sources */,
				8ADB83182980D0B40095C267 /* AppDelegate.swift in Sources */,
				8ADB831A2980D0B40095C267 /* SceneDelegate.swift in Sources */,
				8A06EA092980E4EF00C6A570 /* DetailViewController.swift in Sources */,
			);
			runOnlyForDeploymentPostprocessing = 0;
		};
		8ADB83262980D0B50095C267 /* Sources */ = {
			isa = PBXSourcesBuildPhase;
			buildActionMask = 2147483647;
			files = (
				8ADB832F2980D0B50095C267 /* MyStoryTests.swift in Sources */,
			);
			runOnlyForDeploymentPostprocessing = 0;
		};
		8ADB83302980D0B50095C267 /* Sources */ = {
			isa = PBXSourcesBuildPhase;
			buildActionMask = 2147483647;
			files = (
				8ADB833B2980D0B50095C267 /* MyStoryUITestsLaunchTests.swift in Sources */,
				8ADB83392980D0B50095C267 /* MyStoryUITests.swift in Sources */,
			);
			runOnlyForDeploymentPostprocessing = 0;
		};
/* End PBXSourcesBuildPhase section */

/* Begin PBXTargetDependency section */
		8ADB832C2980D0B50095C267 /* PBXTargetDependency */ = {
			isa = PBXTargetDependency;
			target = 8ADB83132980D0B40095C267 /* MyStory */;
			targetProxy = 8ADB832B2980D0B50095C267 /* PBXContainerItemProxy */;
		};
		8ADB83362980D0B50095C267 /* PBXTargetDependency */ = {
			isa = PBXTargetDependency;
			target = 8ADB83132980D0B40095C267 /* MyStory */;
			targetProxy = 8ADB83352980D0B50095C267 /* PBXContainerItemProxy */;
		};
/* End PBXTargetDependency section */

/* Begin PBXVariantGroup section */
		8ADB831D2980D0B40095C267 /* Main.storyboard */ = {
			isa = PBXVariantGroup;
			children = (
				8ADB831E2980D0B40095C267 /* Base */,
			);
			name = Main.storyboard;
			sourceTree = "<group>";
		};
		8ADB83222980D0B50095C267 /* LaunchScreen.storyboard */ = {
			isa = PBXVariantGroup;
			children = (
				8ADB83232980D0B50095C267 /* Base */,
			);
			name = LaunchScreen.storyboard;
			sourceTree = "<group>";
		};
/* End PBXVariantGroup section */

/* Begin XCBuildConfiguration section */
		8ADB833C2980D0B50095C267 /* Debug */ = {
			isa = XCBuildConfiguration;
			buildSettings = {
				ALWAYS_SEARCH_USER_PATHS = NO;
				CLANG_ANALYZER_NONNULL = YES;
				CLANG_ANALYZER_NUMBER_OBJECT_CONVERSION = YES_AGGRESSIVE;
				CLANG_CXX_LANGUAGE_STANDARD = "gnu++20";
				CLANG_ENABLE_MODULES = YES;
				CLANG_ENABLE_OBJC_ARC = YES;
				CLANG_ENABLE_OBJC_WEAK = YES;
				CLANG_WARN_BLOCK_CAPTURE_AUTORELEASING = YES;
				CLANG_WARN_BOOL_CONVERSION = YES;
				CLANG_WARN_COMMA = YES;
				CLANG_WARN_CONSTANT_CONVERSION = YES;
				CLANG_WARN_DEPRECATED_OBJC_IMPLEMENTATIONS = YES;
				CLANG_WARN_DIRECT_OBJC_ISA_USAGE = YES_ERROR;
				CLANG_WARN_DOCUMENTATION_COMMENTS = YES;
				CLANG_WARN_EMPTY_BODY = YES;
				CLANG_WARN_ENUM_CONVERSION = YES;
				CLANG_WARN_INFINITE_RECURSION = YES;
				CLANG_WARN_INT_CONVERSION = YES;
				CLANG_WARN_NON_LITERAL_NULL_CONVERSION = YES;
				CLANG_WARN_OBJC_IMPLICIT_RETAIN_SELF = YES;
				CLANG_WARN_OBJC_LITERAL_CONVERSION = YES;
				CLANG_WARN_OBJC_ROOT_CLASS = YES_ERROR;
				CLANG_WARN_QUOTED_INCLUDE_IN_FRAMEWORK_HEADER = YES;
				CLANG_WARN_RANGE_LOOP_ANALYSIS = YES;
				CLANG_WARN_STRICT_PROTOTYPES = YES;
				CLANG_WARN_SUSPICIOUS_MOVE = YES;
				CLANG_WARN_UNGUARDED_AVAILABILITY = YES_AGGRESSIVE;
				CLANG_WARN_UNREACHABLE_CODE = YES;
				CLANG_WARN__DUPLICATE_METHOD_MATCH = YES;
				COPY_PHASE_STRIP = NO;
				DEBUG_INFORMATION_FORMAT = dwarf;
				ENABLE_STRICT_OBJC_MSGSEND = YES;
				ENABLE_TESTABILITY = YES;
				GCC_C_LANGUAGE_STANDARD = gnu11;
				GCC_DYNAMIC_NO_PIC = NO;
				GCC_NO_COMMON_BLOCKS = YES;
				GCC_OPTIMIZATION_LEVEL = 0;
				GCC_PREPROCESSOR_DEFINITIONS = (
					"DEBUG=1",
					"$(inherited)",
				);
				GCC_WARN_64_TO_32_BIT_CONVERSION = YES;
				GCC_WARN_ABOUT_RETURN_TYPE = YES_ERROR;
				GCC_WARN_UNDECLARED_SELECTOR = YES;
				GCC_WARN_UNINITIALIZED_AUTOS = YES_AGGRESSIVE;
				GCC_WARN_UNUSED_FUNCTION = YES;
				GCC_WARN_UNUSED_VARIABLE = YES;
				IPHONEOS_DEPLOYMENT_TARGET = 16.1;
				MTL_ENABLE_DEBUG_INFO = INCLUDE_SOURCE;
				MTL_FAST_MATH = YES;
				ONLY_ACTIVE_ARCH = YES;
				SDKROOT = iphoneos;
				SWIFT_ACTIVE_COMPILATION_CONDITIONS = DEBUG;
				SWIFT_OPTIMIZATION_LEVEL = "-Onone";
			};
			name = Debug;
		};
		8ADB833D2980D0B50095C267 /* Release */ = {
			isa = XCBuildConfiguration;
			buildSettings = {
				ALWAYS_SEARCH_USER_PATHS = NO;
				CLANG_ANALYZER_NONNULL = YES;
				CLANG_ANALYZER_NUMBER_OBJECT_CONVERSION = YES_AGGRESSIVE;
				CLANG_CXX_LANGUAGE_STANDARD = "gnu++20";
				CLANG_ENABLE_MODULES = YES;
				CLANG_ENABLE_OBJC_ARC = YES;
				CLANG_ENABLE_OBJC_WEAK = YES;
				CLANG_WARN_BLOCK_CAPTURE_AUTORELEASING = YES;
				CLANG_WARN_BOOL_CONVERSION = YES;
				CLANG_WARN_COMMA = YES;
				CLANG_WARN_CONSTANT_CONVERSION = YES;
				CLANG_WARN_DEPRECATED_OBJC_IMPLEMENTATIONS = YES;
				CLANG_WARN_DIRECT_OBJC_ISA_USAGE = YES_ERROR;
				CLANG_WARN_DOCUMENTATION_COMMENTS = YES;
				CLANG_WARN_EMPTY_BODY = YES;
				CLANG_WARN_ENUM_CONVERSION = YES;
				CLANG_WARN_INFINITE_RECURSION = YES;
				CLANG_WARN_INT_CONVERSION = YES;
				CLANG_WARN_NON_LITERAL_NULL_CONVERSION = YES;
				CLANG_WARN_OBJC_IMPLICIT_RETAIN_SELF = YES;
				CLANG_WARN_OBJC_LITERAL_CONVERSION = YES;
				CLANG_WARN_OBJC_ROOT_CLASS = YES_ERROR;
				CLANG_WARN_QUOTED_INCLUDE_IN_FRAMEWORK_HEADER = YES;
				CLANG_WARN_RANGE_LOOP_ANALYSIS = YES;
				CLANG_WARN_STRICT_PROTOTYPES = YES;
				CLANG_WARN_SUSPICIOUS_MOVE = YES;
				CLANG_WARN_UNGUARDED_AVAILABILITY = YES_AGGRESSIVE;
				CLANG_WARN_UNREACHABLE_CODE = YES;
				CLANG_WARN__DUPLICATE_METHOD_MATCH = YES;
				COPY_PHASE_STRIP = NO;
				DEBUG_INFORMATION_FORMAT = "dwarf-with-dsym";
				ENABLE_NS_ASSERTIONS = NO;
				ENABLE_STRICT_OBJC_MSGSEND = YES;
				GCC_C_LANGUAGE_STANDARD = gnu11;
				GCC_NO_COMMON_BLOCKS = YES;
				GCC_WARN_64_TO_32_BIT_CONVERSION = YES;
				GCC_WARN_ABOUT_RETURN_TYPE = YES_ERROR;
				GCC_WARN_UNDECLARED_SELECTOR = YES;
				GCC_WARN_UNINITIALIZED_AUTOS = YES_AGGRESSIVE;
				GCC_WARN_UNUSED_FUNCTION = YES;
				GCC_WARN_UNUSED_VARIABLE = YES;
				IPHONEOS_DEPLOYMENT_TARGET = 16.1;
				MTL_ENABLE_DEBUG_INFO = NO;
				MTL_FAST_MATH = YES;
				SDKROOT = iphoneos;
				SWIFT_COMPILATION_MODE = wholemodule;
				SWIFT_OPTIMIZATION_LEVEL = "-O";
				VALIDATE_PRODUCT = YES;
			};
			name = Release;
		};
		8ADB833F2980D0B50095C267 /* Debug */ = {
			isa = XCBuildConfiguration;
			buildSettings = {
				ASSETCATALOG_COMPILER_APPICON_NAME = AppIcon;
				ASSETCATALOG_COMPILER_GLOBAL_ACCENT_COLOR_NAME = AccentColor;
				CODE_SIGN_STYLE = Automatic;
				CURRENT_PROJECT_VERSION = 1;
				DEVELOPMENT_TEAM = 64652AJTNT;
				GENERATE_INFOPLIST_FILE = YES;
				INFOPLIST_FILE = MyStory/Info.plist;
				INFOPLIST_KEY_UIApplicationSupportsIndirectInputEvents = YES;
				INFOPLIST_KEY_UILaunchStoryboardName = LaunchScreen;
				INFOPLIST_KEY_UIMainStoryboardFile = Main;
				INFOPLIST_KEY_UISupportedInterfaceOrientations_iPad = "UIInterfaceOrientationPortrait UIInterfaceOrientationPortraitUpsideDown UIInterfaceOrientationLandscapeLeft UIInterfaceOrientationLandscapeRight";
				INFOPLIST_KEY_UISupportedInterfaceOrientations_iPhone = "UIInterfaceOrientationPortrait UIInterfaceOrientationLandscapeLeft UIInterfaceOrientationLandscapeRight";
				LD_RUNPATH_SEARCH_PATHS = (
					"$(inherited)",
					"@executable_path/Frameworks",
				);
				MARKETING_VERSION = 1.0;
				PRODUCT_BUNDLE_IDENTIFIER = com.IntroduceYourself.MyStory;
				PRODUCT_NAME = "$(TARGET_NAME)";
				SWIFT_EMIT_LOC_STRINGS = YES;
				SWIFT_VERSION = 5.0;
				TARGETED_DEVICE_FAMILY = "1,2";
			};
			name = Debug;
		};
		8ADB83402980D0B50095C267 /* Release */ = {
			isa = XCBuildConfiguration;
			buildSettings = {
				ASSETCATALOG_COMPILER_APPICON_NAME = AppIcon;
				ASSETCATALOG_COMPILER_GLOBAL_ACCENT_COLOR_NAME = AccentColor;
				CODE_SIGN_STYLE = Automatic;
				CURRENT_PROJECT_VERSION = 1;
				DEVELOPMENT_TEAM = 64652AJTNT;
				GENERATE_INFOPLIST_FILE = YES;
				INFOPLIST_FILE = MyStory/Info.plist;
				INFOPLIST_KEY_UIApplicationSupportsIndirectInputEvents = YES;
				INFOPLIST_KEY_UILaunchStoryboardName = LaunchScreen;
				INFOPLIST_KEY_UIMainStoryboardFile = Main;
				INFOPLIST_KEY_UISupportedInterfaceOrientations_iPad = "UIInterfaceOrientationPortrait UIInterfaceOrientationPortraitUpsideDown UIInterfaceOrientationLandscapeLeft UIInterfaceOrientationLandscapeRight";
				INFOPLIST_KEY_UISupportedInterfaceOrientations_iPhone = "UIInterfaceOrientationPortrait UIInterfaceOrientationLandscapeLeft UIInterfaceOrientationLandscapeRight";
				LD_RUNPATH_SEARCH_PATHS = (
					"$(inherited)",
					"@executable_path/Frameworks",
				);
				MARKETING_VERSION = 1.0;
				PRODUCT_BUNDLE_IDENTIFIER = com.IntroduceYourself.MyStory;
				PRODUCT_NAME = "$(TARGET_NAME)";
				SWIFT_EMIT_LOC_STRINGS = YES;
				SWIFT_VERSION = 5.0;
				TARGETED_DEVICE_FAMILY = "1,2";
			};
			name = Release;
		};
		8ADB83422980D0B50095C267 /* Debug */ = {
			isa = XCBuildConfiguration;
			buildSettings = {
				ALWAYS_EMBED_SWIFT_STANDARD_LIBRARIES = YES;
				BUNDLE_LOADER = "$(TEST_HOST)";
				CODE_SIGN_STYLE = Automatic;
				CURRENT_PROJECT_VERSION = 1;
				DEVELOPMENT_TEAM = 64652AJTNT;
				GENERATE_INFOPLIST_FILE = YES;
				IPHONEOS_DEPLOYMENT_TARGET = 16.1;
				MARKETING_VERSION = 1.0;
				PRODUCT_BUNDLE_IDENTIFIER = com.IntroduceYourself.MyStoryTests;
				PRODUCT_NAME = "$(TARGET_NAME)";
				SWIFT_EMIT_LOC_STRINGS = NO;
				SWIFT_VERSION = 5.0;
				TARGETED_DEVICE_FAMILY = "1,2";
				TEST_HOST = "$(BUILT_PRODUCTS_DIR)/MyStory.app/$(BUNDLE_EXECUTABLE_FOLDER_PATH)/MyStory";
			};
			name = Debug;
		};
		8ADB83432980D0B50095C267 /* Release */ = {
			isa = XCBuildConfiguration;
			buildSettings = {
				ALWAYS_EMBED_SWIFT_STANDARD_LIBRARIES = YES;
				BUNDLE_LOADER = "$(TEST_HOST)";
				CODE_SIGN_STYLE = Automatic;
				CURRENT_PROJECT_VERSION = 1;
				DEVELOPMENT_TEAM = 64652AJTNT;
				GENERATE_INFOPLIST_FILE = YES;
				IPHONEOS_DEPLOYMENT_TARGET = 16.1;
				MARKETING_VERSION = 1.0;
				PRODUCT_BUNDLE_IDENTIFIER = com.IntroduceYourself.MyStoryTests;
				PRODUCT_NAME = "$(TARGET_NAME)";
				SWIFT_EMIT_LOC_STRINGS = NO;
				SWIFT_VERSION = 5.0;
				TARGETED_DEVICE_FAMILY = "1,2";
				TEST_HOST = "$(BUILT_PRODUCTS_DIR)/MyStory.app/$(BUNDLE_EXECUTABLE_FOLDER_PATH)/MyStory";
			};
			name = Release;
		};
		8ADB83452980D0B50095C267 /* Debug */ = {
			isa = XCBuildConfiguration;
			buildSettings = {
				ALWAYS_EMBED_SWIFT_STANDARD_LIBRARIES = YES;
				CODE_SIGN_STYLE = Automatic;
				CURRENT_PROJECT_VERSION = 1;
				DEVELOPMENT_TEAM = 64652AJTNT;
				GENERATE_INFOPLIST_FILE = YES;
				MARKETING_VERSION = 1.0;
				PRODUCT_BUNDLE_IDENTIFIER = com.IntroduceYourself.MyStoryUITests;
				PRODUCT_NAME = "$(TARGET_NAME)";
				SWIFT_EMIT_LOC_STRINGS = NO;
				SWIFT_VERSION = 5.0;
				TARGETED_DEVICE_FAMILY = "1,2";
				TEST_TARGET_NAME = MyStory;
			};
			name = Debug;
		};
		8ADB83462980D0B50095C267 /* Release */ = {
			isa = XCBuildConfiguration;
			buildSettings = {
				ALWAYS_EMBED_SWIFT_STANDARD_LIBRARIES = YES;
				CODE_SIGN_STYLE = Automatic;
				CURRENT_PROJECT_VERSION = 1;
				DEVELOPMENT_TEAM = 64652AJTNT;
				GENERATE_INFOPLIST_FILE = YES;
				MARKETING_VERSION = 1.0;
				PRODUCT_BUNDLE_IDENTIFIER = com.IntroduceYourself.MyStoryUITests;
				PRODUCT_NAME = "$(TARGET_NAME)";
				SWIFT_EMIT_LOC_STRINGS = NO;
				SWIFT_VERSION = 5.0;
				TARGETED_DEVICE_FAMILY = "1,2";
				TEST_TARGET_NAME = MyStory;
			};
			name = Release;
		};
/* End XCBuildConfiguration section */

/* Begin XCConfigurationList section */
		8ADB830F2980D0B40095C267 /* Build configuration list for PBXProject "MyStory" */ = {
			isa = XCConfigurationList;
			buildConfigurations = (
				8ADB833C2980D0B50095C267 /* Debug */,
				8ADB833D2980D0B50095C267 /* Release */,
			);
			defaultConfigurationIsVisible = 0;
			defaultConfigurationName = Release;
		};
		8ADB833E2980D0B50095C267 /* Build configuration list for PBXNativeTarget "MyStory" */ = {
			isa = XCConfigurationList;
			buildConfigurations = (
				8ADB833F2980D0B50095C267 /* Debug */,
				8ADB83402980D0B50095C267 /* Release */,
			);
			defaultConfigurationIsVisible = 0;
			defaultConfigurationName = Release;
		};
		8ADB83412980D0B50095C267 /* Build configuration list for PBXNativeTarget "MyStoryTests" */ = {
			isa = XCConfigurationList;
			buildConfigurations = (
				8ADB83422980D0B50095C267 /* Debug */,
				8ADB83432980D0B50095C267 /* Release */,
			);
			defaultConfigurationIsVisible = 0;
			defaultConfigurationName = Release;
		};
		8ADB83442980D0B50095C267 /* Build configuration list for PBXNativeTarget "MyStoryUITests" */ = {
			isa = XCConfigurationList;
			buildConfigurations = (
				8ADB83452980D0B50095C267 /* Debug */,
				8ADB83462980D0B50095C267 /* Release */,
			);
			defaultConfigurationIsVisible = 0;
			defaultConfigurationName = Release;
		};
/* End XCConfigurationList section */
	};
	rootObject = 8ADB830C2980D0B40095C267 /* Project object */;
}
